// !$*UTF8*$!
{
	archiveVersion = 1;
	classes = {
	};
	objectVersion = 51;
	objects = {

/* Begin PBXBuildFile section */
		017159652318B6A300596160 /* ticktock.mov in Resources */ = {isa = PBXBuildFile; fileRef = 017159642318B6A300596160 /* ticktock.mov */; };
		01BE955B2332217300B6D7FE /* LevelUpAnimationView.m in Sources */ = {isa = PBXBuildFile; fileRef = 01BE955A2332217300B6D7FE /* LevelUpAnimationView.m */; };
		01BE955E2332221800B6D7FE /* LevelUpController.m in Sources */ = {isa = PBXBuildFile; fileRef = 01BE955D2332221800B6D7FE /* LevelUpController.m */; };
		01D87DDB2317A30600E62E78 /* LaunchAnimationController.m in Sources */ = {isa = PBXBuildFile; fileRef = 01D87DDA2317A30600E62E78 /* LaunchAnimationController.m */; };
		01D87DDE2317A35900E62E78 /* Life_LaunchAnimationView.m in Sources */ = {isa = PBXBuildFile; fileRef = 01D87DDD2317A35900E62E78 /* Life_LaunchAnimationView.m */; };
		01D87DE12317A43200E62E78 /* Life_LaunchModel.m in Sources */ = {isa = PBXBuildFile; fileRef = 01D87DE02317A43200E62E78 /* Life_LaunchModel.m */; };
		3306B37D2248887D001945C4 /* APPConfigController.m in Sources */ = {isa = PBXBuildFile; fileRef = 3306B37A2248887D001945C4 /* APPConfigController.m */; };
		333D133822B33D72008D1EBB /* GCDViewController.m in Sources */ = {isa = PBXBuildFile; fileRef = 333D133722B33D72008D1EBB /* GCDViewController.m */; };
		3348CCAC223A027F0020F41C /* RegexViewController.m in Sources */ = {isa = PBXBuildFile; fileRef = 3348CCA9223A027F0020F41C /* RegexViewController.m */; };
		3348CCB1223A27E70020F41C /* NSString+Check.m in Sources */ = {isa = PBXBuildFile; fileRef = 3348CCAE223A27E70020F41C /* NSString+Check.m */; };
		335B3BA322420D2200DED730 /* PageViewController.m in Sources */ = {isa = PBXBuildFile; fileRef = 335B3BA022420D2200DED730 /* PageViewController.m */; };
		335B3BAD2242115B00DED730 /* UIImage+Chameleon.m in Sources */ = {isa = PBXBuildFile; fileRef = 335B3BA62242115A00DED730 /* UIImage+Chameleon.m */; };
		335B3BB02242115B00DED730 /* UIButton+Initializer.m in Sources */ = {isa = PBXBuildFile; fileRef = 335B3BA72242115B00DED730 /* UIButton+Initializer.m */; };
		335B3BB32242115B00DED730 /* UILabel+Initializer.m in Sources */ = {isa = PBXBuildFile; fileRef = 335B3BAA2242115B00DED730 /* UILabel+Initializer.m */; };
		336B000A22B237D90061D6C4 /* MemoryLeakCheckController.m in Sources */ = {isa = PBXBuildFile; fileRef = 336B000922B237D90061D6C4 /* MemoryLeakCheckController.m */; };
		337BD38922C5E4DB00EAD627 /* InteractiveTransition.m in Sources */ = {isa = PBXBuildFile; fileRef = 337BD38822C5E4DB00EAD627 /* InteractiveTransition.m */; };
		33874EA82282CC270063007C /* CWCarousel.m in Sources */ = {isa = PBXBuildFile; fileRef = 33874EA22282CC270063007C /* CWCarousel.m */; };
		33874EA92282CC270063007C /* CWFlowLayout.m in Sources */ = {isa = PBXBuildFile; fileRef = 33874EA42282CC270063007C /* CWFlowLayout.m */; };
		33A7353922C4944E0020A5ED /* NaviTransitionController.m in Sources */ = {isa = PBXBuildFile; fileRef = 33A7353822C4944E0020A5ED /* NaviTransitionController.m */; };
		33A7353D22C4B6510020A5ED /* ScreenshotViewController.m in Sources */ = {isa = PBXBuildFile; fileRef = 33A7353C22C4B6510020A5ED /* ScreenshotViewController.m */; };
		33A7355322C4BF480020A5ED /* OTScreenshotHelper.m in Sources */ = {isa = PBXBuildFile; fileRef = 33A7354D22C4BF480020A5ED /* OTScreenshotHelper.m */; };
		33A7355422C4BF480020A5ED /* UIView+ComOpenThreadOTScreenshotHelperStatusBarReference.m in Sources */ = {isa = PBXBuildFile; fileRef = 33A7355122C4BF480020A5ED /* UIView+ComOpenThreadOTScreenshotHelperStatusBarReference.m */; };
		33A7355522C4BF480020A5ED /* ComOpenThreadOTScreenshotHelperSwizzleHelper.m in Sources */ = {isa = PBXBuildFile; fileRef = 33A7355222C4BF480020A5ED /* ComOpenThreadOTScreenshotHelperSwizzleHelper.m */; };
		33B6250822C9AD5000A5F2FA /* InteractiveTransition2.m in Sources */ = {isa = PBXBuildFile; fileRef = 33B6250722C9AD5000A5F2FA /* InteractiveTransition2.m */; };
		33B6250B22C9AD7300A5F2FA /* NaviTransitionController2.m in Sources */ = {isa = PBXBuildFile; fileRef = 33B6250A22C9AD7300A5F2FA /* NaviTransitionController2.m */; };
		33C12C5522826C74002DEEB3 /* BannerViewController.m in Sources */ = {isa = PBXBuildFile; fileRef = 33C12C5422826C74002DEEB3 /* BannerViewController.m */; };
		33C7573B21C0BA1B00B11706 /* iOSerBuildingTests.m in Sources */ = {isa = PBXBuildFile; fileRef = 33C7573A21C0BA1B00B11706 /* iOSerBuildingTests.m */; };
		33C7574621C0BA1B00B11706 /* iOSerBuildingUITests.m in Sources */ = {isa = PBXBuildFile; fileRef = 33C7574521C0BA1B00B11706 /* iOSerBuildingUITests.m */; };
		33C7E1B422375FD50004BC50 /* ScrollMasonryController.m in Sources */ = {isa = PBXBuildFile; fileRef = 33C7575A21C0E96D00B11706 /* ScrollMasonryController.m */; };
		33C7E1B522375FD50004BC50 /* ViewTransitionController.m in Sources */ = {isa = PBXBuildFile; fileRef = 33E343D722169AEB0022A5C9 /* ViewTransitionController.m */; };
		33C7E1B622375FD50004BC50 /* StudentModel.xcdatamodeld in Sources */ = {isa = PBXBuildFile; fileRef = 3341736621C3B5C0008B0C90 /* StudentModel.xcdatamodeld */; };
		33C7E1B722375FD50004BC50 /* PresentViewController.m in Sources */ = {isa = PBXBuildFile; fileRef = 33E343DD2216A4C80022A5C9 /* PresentViewController.m */; };
		33C7E1B822375FD50004BC50 /* CoreDataTestViewController.m in Sources */ = {isa = PBXBuildFile; fileRef = 33711B3021C7783C00D69E0C /* CoreDataTestViewController.m */; };
		33C7E1B922375FD50004BC50 /* main.m in Sources */ = {isa = PBXBuildFile; fileRef = 33C7573021C0BA1B00B11706 /* main.m */; };
		33C7E1BA22375FD50004BC50 /* AnimationViewController.m in Sources */ = {isa = PBXBuildFile; fileRef = 335AC3C1221519C800D5470A /* AnimationViewController.m */; };
		33C7E1BB22375FD50004BC50 /* XWPresentOneTransition.m in Sources */ = {isa = PBXBuildFile; fileRef = 33E343DA22169CE20022A5C9 /* XWPresentOneTransition.m */; };
		33C7E1BC22375FD50004BC50 /* AppDelegate.m in Sources */ = {isa = PBXBuildFile; fileRef = 33C7572221C0BA1A00B11706 /* AppDelegate.m */; };
		33C7E1BD22375FD50004BC50 /* BezierViewController.m in Sources */ = {isa = PBXBuildFile; fileRef = 335529742212AF3C0027C0A1 /* BezierViewController.m */; };
		33C7E1BE22375FD50004BC50 /* MySQLTestViewController.m in Sources */ = {isa = PBXBuildFile; fileRef = 333F592F21D75EE50081132C /* MySQLTestViewController.m */; };
		33C7E1BF22375FD50004BC50 /* TransitionViewController.m in Sources */ = {isa = PBXBuildFile; fileRef = 335AC3C522156A8A00D5470A /* TransitionViewController.m */; };
		33C7E1C022375FD50004BC50 /* BezierView.m in Sources */ = {isa = PBXBuildFile; fileRef = 335529772212B78B0027C0A1 /* BezierView.m */; };
		33C7E1C122375FD50004BC50 /* BaseTabBarManager.m in Sources */ = {isa = PBXBuildFile; fileRef = 33C7575721C0E0A000B11706 /* BaseTabBarManager.m */; };
		33C7E1C222375FD50004BC50 /* BezierDropView.m in Sources */ = {isa = PBXBuildFile; fileRef = 3343CBE72214091500C41B3E /* BezierDropView.m */; };
		33C7E1C322375FD50004BC50 /* HomeViewController.m in Sources */ = {isa = PBXBuildFile; fileRef = 335529702212AA7D0027C0A1 /* HomeViewController.m */; };
		33C7E1C522375FD50004BC50 /* libPods-iOSerBuilding.a in Frameworks */ = {isa = PBXBuildFile; fileRef = B853B922B0B24DE3439D5A82 /* libPods-iOSerBuilding.a */; };
		33C7E1C722375FD50004BC50 /* loading17.png in Resources */ = {isa = PBXBuildFile; fileRef = 33407F3022312022005259E2 /* loading17.png */; };
		33C7E1C822375FD50004BC50 /* loading8.png in Resources */ = {isa = PBXBuildFile; fileRef = 33407F3922312022005259E2 /* loading8.png */; };
		33C7E1C922375FD50004BC50 /* loading16.png in Resources */ = {isa = PBXBuildFile; fileRef = 33407F3122312022005259E2 /* loading16.png */; };
		33C7E1CA22375FD50004BC50 /* loading20.png in Resources */ = {isa = PBXBuildFile; fileRef = 33407F2D22312022005259E2 /* loading20.png */; };
		33C7E1CB22375FD50004BC50 /* 0.JPG in Resources */ = {isa = PBXBuildFile; fileRef = 335AC3D12215709100D5470A /* 0.JPG */; };
		33C7E1CC22375FD50004BC50 /* loading4.png in Resources */ = {isa = PBXBuildFile; fileRef = 33407F2522312022005259E2 /* loading4.png */; };
		33C7E1CD22375FD50004BC50 /* loading1.png in Resources */ = {isa = PBXBuildFile; fileRef = 33407F2A22312022005259E2 /* loading1.png */; };
		33C7E1CE22375FD50004BC50 /* loading11.png in Resources */ = {isa = PBXBuildFile; fileRef = 33407F3422312022005259E2 /* loading11.png */; };
		33C7E1CF22375FD50004BC50 /* loading7.png in Resources */ = {isa = PBXBuildFile; fileRef = 33407F2722312022005259E2 /* loading7.png */; };
		33C7E1D022375FD50004BC50 /* loading9.png in Resources */ = {isa = PBXBuildFile; fileRef = 33407F3822312022005259E2 /* loading9.png */; };
		33C7E1D222375FD50004BC50 /* Assets.xcassets in Resources */ = {isa = PBXBuildFile; fileRef = 33C7572A21C0BA1B00B11706 /* Assets.xcassets */; };
		33C7E1D322375FD50004BC50 /* loading18.png in Resources */ = {isa = PBXBuildFile; fileRef = 33407F2E22312022005259E2 /* loading18.png */; };
		33C7E1D422375FD50004BC50 /* loading19.png in Resources */ = {isa = PBXBuildFile; fileRef = 33407F2F22312022005259E2 /* loading19.png */; };
		33C7E1D522375FD50004BC50 /* 1.JPG in Resources */ = {isa = PBXBuildFile; fileRef = 335AC3D22215709100D5470A /* 1.JPG */; };
		33C7E1D722375FD50004BC50 /* 2.JPG in Resources */ = {isa = PBXBuildFile; fileRef = 335AC3CF2215709100D5470A /* 2.JPG */; };
		33C7E1D822375FD50004BC50 /* loading5.png in Resources */ = {isa = PBXBuildFile; fileRef = 33407F2422312022005259E2 /* loading5.png */; };
		33C7E1D922375FD50004BC50 /* loading22.png in Resources */ = {isa = PBXBuildFile; fileRef = 33407F2B22312022005259E2 /* loading22.png */; };
		33C7E1DA22375FD50004BC50 /* loading21.png in Resources */ = {isa = PBXBuildFile; fileRef = 33407F2C22312022005259E2 /* loading21.png */; };
		33C7E1DB22375FD50004BC50 /* loading13.png in Resources */ = {isa = PBXBuildFile; fileRef = 33407F3722312022005259E2 /* loading13.png */; };
		33C7E1DC22375FD50004BC50 /* loading14.png in Resources */ = {isa = PBXBuildFile; fileRef = 33407F3222312022005259E2 /* loading14.png */; };
		33C7E1DD22375FD50004BC50 /* loading15.png in Resources */ = {isa = PBXBuildFile; fileRef = 33407F3322312022005259E2 /* loading15.png */; };
		33C7E1DE22375FD50004BC50 /* loading3.png in Resources */ = {isa = PBXBuildFile; fileRef = 33407F2822312022005259E2 /* loading3.png */; };
		33C7E1DF22375FD50004BC50 /* loading6.png in Resources */ = {isa = PBXBuildFile; fileRef = 33407F2622312022005259E2 /* loading6.png */; };
		33C7E1E022375FD50004BC50 /* loading2.png in Resources */ = {isa = PBXBuildFile; fileRef = 33407F2922312022005259E2 /* loading2.png */; };
		33C7E1E122375FD50004BC50 /* loading10.png in Resources */ = {isa = PBXBuildFile; fileRef = 33407F3522312022005259E2 /* loading10.png */; };
		33C7E1E222375FD50004BC50 /* loading12.png in Resources */ = {isa = PBXBuildFile; fileRef = 33407F3622312022005259E2 /* loading12.png */; };
		33D18F2E226EF24A007AB1EE /* libFMDeviceManager.a in Frameworks */ = {isa = PBXBuildFile; fileRef = 33D18F2C226EF24A007AB1EE /* libFMDeviceManager.a */; };
		33D18F30226EF296007AB1EE /* libresolv.tbd in Frameworks */ = {isa = PBXBuildFile; fileRef = 33D18F2F226EF296007AB1EE /* libresolv.tbd */; };
		93058E822416312400B9D2F5 /* RelativeLabelViewController.m in Sources */ = {isa = PBXBuildFile; fileRef = 93058E812416312400B9D2F5 /* RelativeLabelViewController.m */; };
/* End PBXBuildFile section */

/* Begin PBXFileReference section */
		017159642318B6A300596160 /* ticktock.mov */ = {isa = PBXFileReference; lastKnownFileType = video.quicktime; path = ticktock.mov; sourceTree = "<group>"; };
		01BE95592332217300B6D7FE /* LevelUpAnimationView.h */ = {isa = PBXFileReference; lastKnownFileType = sourcecode.c.h; path = LevelUpAnimationView.h; sourceTree = "<group>"; };
		01BE955A2332217300B6D7FE /* LevelUpAnimationView.m */ = {isa = PBXFileReference; lastKnownFileType = sourcecode.c.objc; path = LevelUpAnimationView.m; sourceTree = "<group>"; };
		01BE955C2332221800B6D7FE /* LevelUpController.h */ = {isa = PBXFileReference; lastKnownFileType = sourcecode.c.h; path = LevelUpController.h; sourceTree = "<group>"; };
		01BE955D2332221800B6D7FE /* LevelUpController.m */ = {isa = PBXFileReference; lastKnownFileType = sourcecode.c.objc; path = LevelUpController.m; sourceTree = "<group>"; };
		01D87DD92317A30600E62E78 /* LaunchAnimationController.h */ = {isa = PBXFileReference; lastKnownFileType = sourcecode.c.h; path = LaunchAnimationController.h; sourceTree = "<group>"; };
		01D87DDA2317A30600E62E78 /* LaunchAnimationController.m */ = {isa = PBXFileReference; lastKnownFileType = sourcecode.c.objc; path = LaunchAnimationController.m; sourceTree = "<group>"; };
		01D87DDC2317A35900E62E78 /* Life_LaunchAnimationView.h */ = {isa = PBXFileReference; lastKnownFileType = sourcecode.c.h; path = Life_LaunchAnimationView.h; sourceTree = "<group>"; };
		01D87DDD2317A35900E62E78 /* Life_LaunchAnimationView.m */ = {isa = PBXFileReference; lastKnownFileType = sourcecode.c.objc; path = Life_LaunchAnimationView.m; sourceTree = "<group>"; };
		01D87DDF2317A43200E62E78 /* Life_LaunchModel.h */ = {isa = PBXFileReference; lastKnownFileType = sourcecode.c.h; path = Life_LaunchModel.h; sourceTree = "<group>"; };
		01D87DE02317A43200E62E78 /* Life_LaunchModel.m */ = {isa = PBXFileReference; lastKnownFileType = sourcecode.c.objc; path = Life_LaunchModel.m; sourceTree = "<group>"; };
		330467EA226D601900AF925B /* TargetMacro.h */ = {isa = PBXFileReference; lastKnownFileType = sourcecode.c.h; path = TargetMacro.h; sourceTree = "<group>"; };
		3306B3792248887D001945C4 /* APPConfigController.h */ = {isa = PBXFileReference; lastKnownFileType = sourcecode.c.h; path = APPConfigController.h; sourceTree = "<group>"; };
		3306B37A2248887D001945C4 /* APPConfigController.m */ = {isa = PBXFileReference; lastKnownFileType = sourcecode.c.objc; path = APPConfigController.m; sourceTree = "<group>"; };
		3306B37E2248C843001945C4 /* KeyMacros.h */ = {isa = PBXFileReference; lastKnownFileType = sourcecode.c.h; path = KeyMacros.h; sourceTree = "<group>"; };
		333D133622B33D72008D1EBB /* GCDViewController.h */ = {isa = PBXFileReference; lastKnownFileType = sourcecode.c.h; path = GCDViewController.h; sourceTree = "<group>"; };
		333D133722B33D72008D1EBB /* GCDViewController.m */ = {isa = PBXFileReference; lastKnownFileType = sourcecode.c.objc; path = GCDViewController.m; sourceTree = "<group>"; };
		333F592E21D75EE50081132C /* MySQLTestViewController.h */ = {isa = PBXFileReference; lastKnownFileType = sourcecode.c.h; path = MySQLTestViewController.h; sourceTree = "<group>"; };
		333F592F21D75EE50081132C /* MySQLTestViewController.m */ = {isa = PBXFileReference; lastKnownFileType = sourcecode.c.objc; path = MySQLTestViewController.m; sourceTree = "<group>"; };
		33407F2422312022005259E2 /* loading5.png */ = {isa = PBXFileReference; lastKnownFileType = image.png; path = loading5.png; sourceTree = "<group>"; };
		33407F2522312022005259E2 /* loading4.png */ = {isa = PBXFileReference; lastKnownFileType = image.png; path = loading4.png; sourceTree = "<group>"; };
		33407F2622312022005259E2 /* loading6.png */ = {isa = PBXFileReference; lastKnownFileType = image.png; path = loading6.png; sourceTree = "<group>"; };
		33407F2722312022005259E2 /* loading7.png */ = {isa = PBXFileReference; lastKnownFileType = image.png; path = loading7.png; sourceTree = "<group>"; };
		33407F2822312022005259E2 /* loading3.png */ = {isa = PBXFileReference; lastKnownFileType = image.png; path = loading3.png; sourceTree = "<group>"; };
		33407F2922312022005259E2 /* loading2.png */ = {isa = PBXFileReference; lastKnownFileType = image.png; path = loading2.png; sourceTree = "<group>"; };
		33407F2A22312022005259E2 /* loading1.png */ = {isa = PBXFileReference; lastKnownFileType = image.png; path = loading1.png; sourceTree = "<group>"; };
		33407F2B22312022005259E2 /* loading22.png */ = {isa = PBXFileReference; lastKnownFileType = image.png; path = loading22.png; sourceTree = "<group>"; };
		33407F2C22312022005259E2 /* loading21.png */ = {isa = PBXFileReference; lastKnownFileType = image.png; path = loading21.png; sourceTree = "<group>"; };
		33407F2D22312022005259E2 /* loading20.png */ = {isa = PBXFileReference; lastKnownFileType = image.png; path = loading20.png; sourceTree = "<group>"; };
		33407F2E22312022005259E2 /* loading18.png */ = {isa = PBXFileReference; lastKnownFileType = image.png; path = loading18.png; sourceTree = "<group>"; };
		33407F2F22312022005259E2 /* loading19.png */ = {isa = PBXFileReference; lastKnownFileType = image.png; path = loading19.png; sourceTree = "<group>"; };
		33407F3022312022005259E2 /* loading17.png */ = {isa = PBXFileReference; lastKnownFileType = image.png; path = loading17.png; sourceTree = "<group>"; };
		33407F3122312022005259E2 /* loading16.png */ = {isa = PBXFileReference; lastKnownFileType = image.png; path = loading16.png; sourceTree = "<group>"; };
		33407F3222312022005259E2 /* loading14.png */ = {isa = PBXFileReference; lastKnownFileType = image.png; path = loading14.png; sourceTree = "<group>"; };
		33407F3322312022005259E2 /* loading15.png */ = {isa = PBXFileReference; lastKnownFileType = image.png; path = loading15.png; sourceTree = "<group>"; };
		33407F3422312022005259E2 /* loading11.png */ = {isa = PBXFileReference; lastKnownFileType = image.png; path = loading11.png; sourceTree = "<group>"; };
		33407F3522312022005259E2 /* loading10.png */ = {isa = PBXFileReference; lastKnownFileType = image.png; path = loading10.png; sourceTree = "<group>"; };
		33407F3622312022005259E2 /* loading12.png */ = {isa = PBXFileReference; lastKnownFileType = image.png; path = loading12.png; sourceTree = "<group>"; };
		33407F3722312022005259E2 /* loading13.png */ = {isa = PBXFileReference; lastKnownFileType = image.png; path = loading13.png; sourceTree = "<group>"; };
		33407F3822312022005259E2 /* loading9.png */ = {isa = PBXFileReference; lastKnownFileType = image.png; path = loading9.png; sourceTree = "<group>"; };
		33407F3922312022005259E2 /* loading8.png */ = {isa = PBXFileReference; lastKnownFileType = image.png; path = loading8.png; sourceTree = "<group>"; };
		3341736321C3A4C9008B0C90 /* UtilsMacro.h */ = {isa = PBXFileReference; fileEncoding = 4; lastKnownFileType = sourcecode.c.h; path = UtilsMacro.h; sourceTree = "<group>"; wrapsLines = 1; };
		3341736421C3A569008B0C90 /* PrefixHeader.pch */ = {isa = PBXFileReference; lastKnownFileType = sourcecode.c.h; path = PrefixHeader.pch; sourceTree = "<group>"; };
		3341736721C3B5C0008B0C90 /* StudentModel.xcdatamodel */ = {isa = PBXFileReference; lastKnownFileType = wrapper.xcdatamodel; path = StudentModel.xcdatamodel; sourceTree = "<group>"; };
		3343CBE62214091500C41B3E /* BezierDropView.h */ = {isa = PBXFileReference; lastKnownFileType = sourcecode.c.h; path = BezierDropView.h; sourceTree = "<group>"; };
		3343CBE72214091500C41B3E /* BezierDropView.m */ = {isa = PBXFileReference; lastKnownFileType = sourcecode.c.objc; path = BezierDropView.m; sourceTree = "<group>"; };
		3348CCA8223A027F0020F41C /* RegexViewController.h */ = {isa = PBXFileReference; lastKnownFileType = sourcecode.c.h; path = RegexViewController.h; sourceTree = "<group>"; };
		3348CCA9223A027F0020F41C /* RegexViewController.m */ = {isa = PBXFileReference; lastKnownFileType = sourcecode.c.objc; path = RegexViewController.m; sourceTree = "<group>"; };
		3348CCAD223A27E70020F41C /* NSString+Check.h */ = {isa = PBXFileReference; lastKnownFileType = sourcecode.c.h; path = "NSString+Check.h"; sourceTree = "<group>"; };
		3348CCAE223A27E70020F41C /* NSString+Check.m */ = {isa = PBXFileReference; lastKnownFileType = sourcecode.c.objc; path = "NSString+Check.m"; sourceTree = "<group>"; };
		3355296F2212AA7D0027C0A1 /* HomeViewController.h */ = {isa = PBXFileReference; lastKnownFileType = sourcecode.c.h; path = HomeViewController.h; sourceTree = "<group>"; };
		335529702212AA7D0027C0A1 /* HomeViewController.m */ = {isa = PBXFileReference; lastKnownFileType = sourcecode.c.objc; path = HomeViewController.m; sourceTree = "<group>"; };
		335529732212AF3C0027C0A1 /* BezierViewController.h */ = {isa = PBXFileReference; lastKnownFileType = sourcecode.c.h; path = BezierViewController.h; sourceTree = "<group>"; };
		335529742212AF3C0027C0A1 /* BezierViewController.m */ = {isa = PBXFileReference; lastKnownFileType = sourcecode.c.objc; path = BezierViewController.m; sourceTree = "<group>"; };
		335529762212B78B0027C0A1 /* BezierView.h */ = {isa = PBXFileReference; lastKnownFileType = sourcecode.c.h; path = BezierView.h; sourceTree = "<group>"; };
		335529772212B78B0027C0A1 /* BezierView.m */ = {isa = PBXFileReference; lastKnownFileType = sourcecode.c.objc; path = BezierView.m; sourceTree = "<group>"; };
		335AC3C0221519C800D5470A /* AnimationViewController.h */ = {isa = PBXFileReference; lastKnownFileType = sourcecode.c.h; path = AnimationViewController.h; sourceTree = "<group>"; };
		335AC3C1221519C800D5470A /* AnimationViewController.m */ = {isa = PBXFileReference; lastKnownFileType = sourcecode.c.objc; path = AnimationViewController.m; sourceTree = "<group>"; };
		335AC3C422156A8A00D5470A /* TransitionViewController.h */ = {isa = PBXFileReference; lastKnownFileType = sourcecode.c.h; path = TransitionViewController.h; sourceTree = "<group>"; };
		335AC3C522156A8A00D5470A /* TransitionViewController.m */ = {isa = PBXFileReference; lastKnownFileType = sourcecode.c.objc; path = TransitionViewController.m; sourceTree = "<group>"; };
		335AC3CF2215709100D5470A /* 2.JPG */ = {isa = PBXFileReference; lastKnownFileType = image.jpeg; path = 2.JPG; sourceTree = "<group>"; };
		335AC3D12215709100D5470A /* 0.JPG */ = {isa = PBXFileReference; lastKnownFileType = image.jpeg; path = 0.JPG; sourceTree = "<group>"; };
		335AC3D22215709100D5470A /* 1.JPG */ = {isa = PBXFileReference; lastKnownFileType = image.jpeg; path = 1.JPG; sourceTree = "<group>"; };
		335B3B9F22420D2200DED730 /* PageViewController.h */ = {isa = PBXFileReference; lastKnownFileType = sourcecode.c.h; path = PageViewController.h; sourceTree = "<group>"; };
		335B3BA022420D2200DED730 /* PageViewController.m */ = {isa = PBXFileReference; lastKnownFileType = sourcecode.c.objc; path = PageViewController.m; sourceTree = "<group>"; };
		335B3BA52242115A00DED730 /* UIButton+Initializer.h */ = {isa = PBXFileReference; fileEncoding = 4; lastKnownFileType = sourcecode.c.h; path = "UIButton+Initializer.h"; sourceTree = "<group>"; };
		335B3BA62242115A00DED730 /* UIImage+Chameleon.m */ = {isa = PBXFileReference; fileEncoding = 4; lastKnownFileType = sourcecode.c.objc; path = "UIImage+Chameleon.m"; sourceTree = "<group>"; };
		335B3BA72242115B00DED730 /* UIButton+Initializer.m */ = {isa = PBXFileReference; fileEncoding = 4; lastKnownFileType = sourcecode.c.objc; path = "UIButton+Initializer.m"; sourceTree = "<group>"; };
		335B3BA82242115B00DED730 /* UILabel+Initializer.h */ = {isa = PBXFileReference; fileEncoding = 4; lastKnownFileType = sourcecode.c.h; path = "UILabel+Initializer.h"; sourceTree = "<group>"; };
		335B3BA92242115B00DED730 /* UIImage+Chameleon.h */ = {isa = PBXFileReference; fileEncoding = 4; lastKnownFileType = sourcecode.c.h; path = "UIImage+Chameleon.h"; sourceTree = "<group>"; };
		335B3BAA2242115B00DED730 /* UILabel+Initializer.m */ = {isa = PBXFileReference; fileEncoding = 4; lastKnownFileType = sourcecode.c.objc; path = "UILabel+Initializer.m"; sourceTree = "<group>"; };
		336B000822B237D90061D6C4 /* MemoryLeakCheckController.h */ = {isa = PBXFileReference; lastKnownFileType = sourcecode.c.h; path = MemoryLeakCheckController.h; sourceTree = "<group>"; };
		336B000922B237D90061D6C4 /* MemoryLeakCheckController.m */ = {isa = PBXFileReference; lastKnownFileType = sourcecode.c.objc; path = MemoryLeakCheckController.m; sourceTree = "<group>"; };
		33711B2F21C7783C00D69E0C /* CoreDataTestViewController.h */ = {isa = PBXFileReference; lastKnownFileType = sourcecode.c.h; path = CoreDataTestViewController.h; sourceTree = "<group>"; };
		33711B3021C7783C00D69E0C /* CoreDataTestViewController.m */ = {isa = PBXFileReference; lastKnownFileType = sourcecode.c.objc; path = CoreDataTestViewController.m; sourceTree = "<group>"; };
		337BD38722C5E4DB00EAD627 /* InteractiveTransition.h */ = {isa = PBXFileReference; lastKnownFileType = sourcecode.c.h; path = InteractiveTransition.h; sourceTree = "<group>"; };
		337BD38822C5E4DB00EAD627 /* InteractiveTransition.m */ = {isa = PBXFileReference; lastKnownFileType = sourcecode.c.objc; path = InteractiveTransition.m; sourceTree = "<group>"; };
		33874EA22282CC270063007C /* CWCarousel.m */ = {isa = PBXFileReference; fileEncoding = 4; lastKnownFileType = sourcecode.c.objc; path = CWCarousel.m; sourceTree = "<group>"; };
		33874EA32282CC270063007C /* CWCarouselHeader.h */ = {isa = PBXFileReference; fileEncoding = 4; lastKnownFileType = sourcecode.c.h; path = CWCarouselHeader.h; sourceTree = "<group>"; };
		33874EA42282CC270063007C /* CWFlowLayout.m */ = {isa = PBXFileReference; fileEncoding = 4; lastKnownFileType = sourcecode.c.objc; path = CWFlowLayout.m; sourceTree = "<group>"; };
		33874EA52282CC270063007C /* CWCarouselProtocol.h */ = {isa = PBXFileReference; fileEncoding = 4; lastKnownFileType = sourcecode.c.h; path = CWCarouselProtocol.h; sourceTree = "<group>"; };
		33874EA62282CC270063007C /* CWCarousel.h */ = {isa = PBXFileReference; fileEncoding = 4; lastKnownFileType = sourcecode.c.h; path = CWCarousel.h; sourceTree = "<group>"; };
		33874EA72282CC270063007C /* CWFlowLayout.h */ = {isa = PBXFileReference; fileEncoding = 4; lastKnownFileType = sourcecode.c.h; path = CWFlowLayout.h; sourceTree = "<group>"; };
		33A7353722C4944E0020A5ED /* NaviTransitionController.h */ = {isa = PBXFileReference; lastKnownFileType = sourcecode.c.h; path = NaviTransitionController.h; sourceTree = "<group>"; };
		33A7353822C4944E0020A5ED /* NaviTransitionController.m */ = {isa = PBXFileReference; lastKnownFileType = sourcecode.c.objc; path = NaviTransitionController.m; sourceTree = "<group>"; };
		33A7353B22C4B6510020A5ED /* ScreenshotViewController.h */ = {isa = PBXFileReference; lastKnownFileType = sourcecode.c.h; path = ScreenshotViewController.h; sourceTree = "<group>"; };
		33A7353C22C4B6510020A5ED /* ScreenshotViewController.m */ = {isa = PBXFileReference; lastKnownFileType = sourcecode.c.objc; path = ScreenshotViewController.m; sourceTree = "<group>"; };
		33A7354C22C4BF480020A5ED /* OTScreenshotHelper.h */ = {isa = PBXFileReference; fileEncoding = 4; lastKnownFileType = sourcecode.c.h; path = OTScreenshotHelper.h; sourceTree = "<group>"; };
		33A7354D22C4BF480020A5ED /* OTScreenshotHelper.m */ = {isa = PBXFileReference; fileEncoding = 4; lastKnownFileType = sourcecode.c.objc; path = OTScreenshotHelper.m; sourceTree = "<group>"; };
		33A7354F22C4BF480020A5ED /* ComOpenThreadOTScreenshotHelperSwizzleHelper.h */ = {isa = PBXFileReference; fileEncoding = 4; lastKnownFileType = sourcecode.c.h; path = ComOpenThreadOTScreenshotHelperSwizzleHelper.h; sourceTree = "<group>"; };
		33A7355022C4BF480020A5ED /* UIView+ComOpenThreadOTScreenshotHelperStatusBarReference.h */ = {isa = PBXFileReference; fileEncoding = 4; lastKnownFileType = sourcecode.c.h; path = "UIView+ComOpenThreadOTScreenshotHelperStatusBarReference.h"; sourceTree = "<group>"; };
		33A7355122C4BF480020A5ED /* UIView+ComOpenThreadOTScreenshotHelperStatusBarReference.m */ = {isa = PBXFileReference; fileEncoding = 4; lastKnownFileType = sourcecode.c.objc; path = "UIView+ComOpenThreadOTScreenshotHelperStatusBarReference.m"; sourceTree = "<group>"; };
		33A7355222C4BF480020A5ED /* ComOpenThreadOTScreenshotHelperSwizzleHelper.m */ = {isa = PBXFileReference; fileEncoding = 4; lastKnownFileType = sourcecode.c.objc; path = ComOpenThreadOTScreenshotHelperSwizzleHelper.m; sourceTree = "<group>"; };
		33B6250622C9AD5000A5F2FA /* InteractiveTransition2.h */ = {isa = PBXFileReference; lastKnownFileType = sourcecode.c.h; path = InteractiveTransition2.h; sourceTree = "<group>"; };
		33B6250722C9AD5000A5F2FA /* InteractiveTransition2.m */ = {isa = PBXFileReference; lastKnownFileType = sourcecode.c.objc; path = InteractiveTransition2.m; sourceTree = "<group>"; };
		33B6250922C9AD7300A5F2FA /* NaviTransitionController2.h */ = {isa = PBXFileReference; lastKnownFileType = sourcecode.c.h; path = NaviTransitionController2.h; sourceTree = "<group>"; };
		33B6250A22C9AD7300A5F2FA /* NaviTransitionController2.m */ = {isa = PBXFileReference; lastKnownFileType = sourcecode.c.objc; path = NaviTransitionController2.m; sourceTree = "<group>"; };
		33C12C5322826C74002DEEB3 /* BannerViewController.h */ = {isa = PBXFileReference; lastKnownFileType = sourcecode.c.h; path = BannerViewController.h; sourceTree = "<group>"; };
		33C12C5422826C74002DEEB3 /* BannerViewController.m */ = {isa = PBXFileReference; lastKnownFileType = sourcecode.c.objc; path = BannerViewController.m; sourceTree = "<group>"; };
		33C7572121C0BA1A00B11706 /* AppDelegate.h */ = {isa = PBXFileReference; lastKnownFileType = sourcecode.c.h; path = AppDelegate.h; sourceTree = "<group>"; };
		33C7572221C0BA1A00B11706 /* AppDelegate.m */ = {isa = PBXFileReference; lastKnownFileType = sourcecode.c.objc; path = AppDelegate.m; sourceTree = "<group>"; };
		33C7572A21C0BA1B00B11706 /* Assets.xcassets */ = {isa = PBXFileReference; lastKnownFileType = folder.assetcatalog; path = Assets.xcassets; sourceTree = "<group>"; };
		33C7572F21C0BA1B00B11706 /* Info.plist */ = {isa = PBXFileReference; lastKnownFileType = text.plist.xml; path = Info.plist; sourceTree = "<group>"; };
		33C7573021C0BA1B00B11706 /* main.m */ = {isa = PBXFileReference; lastKnownFileType = sourcecode.c.objc; path = main.m; sourceTree = "<group>"; };
		33C7573621C0BA1B00B11706 /* iOSerBuildingTests.xctest */ = {isa = PBXFileReference; explicitFileType = wrapper.cfbundle; includeInIndex = 0; path = iOSerBuildingTests.xctest; sourceTree = BUILT_PRODUCTS_DIR; };
		33C7573A21C0BA1B00B11706 /* iOSerBuildingTests.m */ = {isa = PBXFileReference; lastKnownFileType = sourcecode.c.objc; path = iOSerBuildingTests.m; sourceTree = "<group>"; };
		33C7573C21C0BA1B00B11706 /* Info.plist */ = {isa = PBXFileReference; lastKnownFileType = text.plist.xml; path = Info.plist; sourceTree = "<group>"; };
		33C7574121C0BA1B00B11706 /* iOSerBuildingUITests.xctest */ = {isa = PBXFileReference; explicitFileType = wrapper.cfbundle; includeInIndex = 0; path = iOSerBuildingUITests.xctest; sourceTree = BUILT_PRODUCTS_DIR; };
		33C7574521C0BA1B00B11706 /* iOSerBuildingUITests.m */ = {isa = PBXFileReference; lastKnownFileType = sourcecode.c.objc; path = iOSerBuildingUITests.m; sourceTree = "<group>"; };
		33C7574721C0BA1B00B11706 /* Info.plist */ = {isa = PBXFileReference; lastKnownFileType = text.plist.xml; path = Info.plist; sourceTree = "<group>"; };
		33C7575621C0E0A000B11706 /* BaseTabBarManager.h */ = {isa = PBXFileReference; lastKnownFileType = sourcecode.c.h; path = BaseTabBarManager.h; sourceTree = "<group>"; };
		33C7575721C0E0A000B11706 /* BaseTabBarManager.m */ = {isa = PBXFileReference; lastKnownFileType = sourcecode.c.objc; path = BaseTabBarManager.m; sourceTree = "<group>"; };
		33C7575921C0E96D00B11706 /* ScrollMasonryController.h */ = {isa = PBXFileReference; lastKnownFileType = sourcecode.c.h; path = ScrollMasonryController.h; sourceTree = "<group>"; };
		33C7575A21C0E96D00B11706 /* ScrollMasonryController.m */ = {isa = PBXFileReference; lastKnownFileType = sourcecode.c.objc; path = ScrollMasonryController.m; sourceTree = "<group>"; };
		33C7E1E722375FD50004BC50 /* iOSerBuilding.app */ = {isa = PBXFileReference; explicitFileType = wrapper.application; includeInIndex = 0; path = iOSerBuilding.app; sourceTree = BUILT_PRODUCTS_DIR; };
		33D18F2C226EF24A007AB1EE /* libFMDeviceManager.a */ = {isa = PBXFileReference; lastKnownFileType = archive.ar; path = libFMDeviceManager.a; sourceTree = "<group>"; };
		33D18F2D226EF24A007AB1EE /* FMDeviceManager.h */ = {isa = PBXFileReference; fileEncoding = 4; lastKnownFileType = sourcecode.c.h; path = FMDeviceManager.h; sourceTree = "<group>"; };
		33D18F2F226EF296007AB1EE /* libresolv.tbd */ = {isa = PBXFileReference; lastKnownFileType = "sourcecode.text-based-dylib-definition"; name = libresolv.tbd; path = usr/lib/libresolv.tbd; sourceTree = SDKROOT; };
		33D18F32226F0B96007AB1EE /* ColorMacro.h */ = {isa = PBXFileReference; lastKnownFileType = sourcecode.c.h; path = ColorMacro.h; sourceTree = "<group>"; };
		33E343D622169AEB0022A5C9 /* ViewTransitionController.h */ = {isa = PBXFileReference; lastKnownFileType = sourcecode.c.h; path = ViewTransitionController.h; sourceTree = "<group>"; };
		33E343D722169AEB0022A5C9 /* ViewTransitionController.m */ = {isa = PBXFileReference; lastKnownFileType = sourcecode.c.objc; path = ViewTransitionController.m; sourceTree = "<group>"; };
		33E343D922169CE20022A5C9 /* XWPresentOneTransition.h */ = {isa = PBXFileReference; lastKnownFileType = sourcecode.c.h; path = XWPresentOneTransition.h; sourceTree = "<group>"; };
		33E343DA22169CE20022A5C9 /* XWPresentOneTransition.m */ = {isa = PBXFileReference; lastKnownFileType = sourcecode.c.objc; path = XWPresentOneTransition.m; sourceTree = "<group>"; };
		33E343DC2216A4C80022A5C9 /* PresentViewController.h */ = {isa = PBXFileReference; lastKnownFileType = sourcecode.c.h; path = PresentViewController.h; sourceTree = "<group>"; };
		33E343DD2216A4C80022A5C9 /* PresentViewController.m */ = {isa = PBXFileReference; lastKnownFileType = sourcecode.c.objc; path = PresentViewController.m; sourceTree = "<group>"; };
		66BF80B4859833650A1175BD /* Pods-iOSerBuilding.debug.xcconfig */ = {isa = PBXFileReference; includeInIndex = 1; lastKnownFileType = text.xcconfig; name = "Pods-iOSerBuilding.debug.xcconfig"; path = "Pods/Target Support Files/Pods-iOSerBuilding/Pods-iOSerBuilding.debug.xcconfig"; sourceTree = "<group>"; };
		93058E802416312400B9D2F5 /* RelativeLabelViewController.h */ = {isa = PBXFileReference; lastKnownFileType = sourcecode.c.h; path = RelativeLabelViewController.h; sourceTree = "<group>"; };
		93058E812416312400B9D2F5 /* RelativeLabelViewController.m */ = {isa = PBXFileReference; lastKnownFileType = sourcecode.c.objc; path = RelativeLabelViewController.m; sourceTree = "<group>"; };
		B178817138B031B8C485B1FA /* Pods-iOSerBuilding.release.xcconfig */ = {isa = PBXFileReference; includeInIndex = 1; lastKnownFileType = text.xcconfig; name = "Pods-iOSerBuilding.release.xcconfig"; path = "Pods/Target Support Files/Pods-iOSerBuilding/Pods-iOSerBuilding.release.xcconfig"; sourceTree = "<group>"; };
		B853B922B0B24DE3439D5A82 /* libPods-iOSerBuilding.a */ = {isa = PBXFileReference; explicitFileType = archive.ar; includeInIndex = 0; path = "libPods-iOSerBuilding.a"; sourceTree = BUILT_PRODUCTS_DIR; };
/* End PBXFileReference section */

/* Begin PBXFrameworksBuildPhase section */
		33C7573321C0BA1B00B11706 /* Frameworks */ = {
			isa = PBXFrameworksBuildPhase;
			buildActionMask = 2147483647;
			files = (
			);
			runOnlyForDeploymentPostprocessing = 0;
		};
		33C7573E21C0BA1B00B11706 /* Frameworks */ = {
			isa = PBXFrameworksBuildPhase;
			buildActionMask = 2147483647;
			files = (
			);
			runOnlyForDeploymentPostprocessing = 0;
		};
		33C7E1C422375FD50004BC50 /* Frameworks */ = {
			isa = PBXFrameworksBuildPhase;
			buildActionMask = 2147483647;
			files = (
				33D18F30226EF296007AB1EE /* libresolv.tbd in Frameworks */,
				33D18F2E226EF24A007AB1EE /* libFMDeviceManager.a in Frameworks */,
				33C7E1C522375FD50004BC50 /* libPods-iOSerBuilding.a in Frameworks */,
			);
			runOnlyForDeploymentPostprocessing = 0;
		};
/* End PBXFrameworksBuildPhase section */

/* Begin PBXGroup section */
		01BE95582332214C00B6D7FE /* LevelUpAnimation */ = {
			isa = PBXGroup;
			children = (
				01BE955C2332221800B6D7FE /* LevelUpController.h */,
				01BE955D2332221800B6D7FE /* LevelUpController.m */,
				01BE95592332217300B6D7FE /* LevelUpAnimationView.h */,
				01BE955A2332217300B6D7FE /* LevelUpAnimationView.m */,
			);
			path = LevelUpAnimation;
			sourceTree = "<group>";
		};
		01D87DD82317A2D900E62E78 /* LaunchAnimation */ = {
			isa = PBXGroup;
			children = (
				01D87DD92317A30600E62E78 /* LaunchAnimationController.h */,
				01D87DDA2317A30600E62E78 /* LaunchAnimationController.m */,
				01D87DDC2317A35900E62E78 /* Life_LaunchAnimationView.h */,
				01D87DDD2317A35900E62E78 /* Life_LaunchAnimationView.m */,
				01D87DDF2317A43200E62E78 /* Life_LaunchModel.h */,
				01D87DE02317A43200E62E78 /* Life_LaunchModel.m */,
				017159642318B6A300596160 /* ticktock.mov */,
			);
			path = LaunchAnimation;
			sourceTree = "<group>";
		};
		1406175019A37AF76F67F7C2 /* Frameworks */ = {
			isa = PBXGroup;
			children = (
				33D18F2F226EF296007AB1EE /* libresolv.tbd */,
				B853B922B0B24DE3439D5A82 /* libPods-iOSerBuilding.a */,
			);
			name = Frameworks;
			sourceTree = "<group>";
		};
		17EAAE4D42382EF8BAF7993E /* Pods */ = {
			isa = PBXGroup;
			children = (
				66BF80B4859833650A1175BD /* Pods-iOSerBuilding.debug.xcconfig */,
				B178817138B031B8C485B1FA /* Pods-iOSerBuilding.release.xcconfig */,
			);
			name = Pods;
			sourceTree = "<group>";
		};
		3306B37722488803001945C4 /* APPConfig */ = {
			isa = PBXGroup;
			children = (
				3306B3792248887D001945C4 /* APPConfigController.h */,
				3306B37A2248887D001945C4 /* APPConfigController.m */,
			);
			path = APPConfig;
			sourceTree = "<group>";
		};
		3306B37822488803001945C4 /* Home */ = {
			isa = PBXGroup;
			children = (
				3355296F2212AA7D0027C0A1 /* HomeViewController.h */,
				335529702212AA7D0027C0A1 /* HomeViewController.m */,
			);
			path = Home;
			sourceTree = "<group>";
		};
		333D133522B33D5F008D1EBB /* GCD */ = {
			isa = PBXGroup;
			children = (
				333D133622B33D72008D1EBB /* GCDViewController.h */,
				333D133722B33D72008D1EBB /* GCDViewController.m */,
			);
			path = GCD;
			sourceTree = "<group>";
		};
		333F592C21D75EAF0081132C /* ScrollWithMasonry */ = {
			isa = PBXGroup;
			children = (
				33C7575921C0E96D00B11706 /* ScrollMasonryController.h */,
				33C7575A21C0E96D00B11706 /* ScrollMasonryController.m */,
			);
			path = ScrollWithMasonry;
			sourceTree = "<group>";
		};
		333F592D21D75EC90081132C /* MySQL */ = {
			isa = PBXGroup;
			children = (
				333F592E21D75EE50081132C /* MySQLTestViewController.h */,
				333F592F21D75EE50081132C /* MySQLTestViewController.m */,
			);
			path = MySQL;
			sourceTree = "<group>";
		};
		33407F2222312022005259E2 /* Resource */ = {
			isa = PBXGroup;
			children = (
				33407F2322312022005259E2 /* loading_img */,
			);
			path = Resource;
			sourceTree = "<group>";
		};
		33407F2322312022005259E2 /* loading_img */ = {
			isa = PBXGroup;
			children = (
				33407F2422312022005259E2 /* loading5.png */,
				33407F2522312022005259E2 /* loading4.png */,
				33407F2622312022005259E2 /* loading6.png */,
				33407F2722312022005259E2 /* loading7.png */,
				33407F2822312022005259E2 /* loading3.png */,
				33407F2922312022005259E2 /* loading2.png */,
				33407F2A22312022005259E2 /* loading1.png */,
				33407F2B22312022005259E2 /* loading22.png */,
				33407F2C22312022005259E2 /* loading21.png */,
				33407F2D22312022005259E2 /* loading20.png */,
				33407F2E22312022005259E2 /* loading18.png */,
				33407F2F22312022005259E2 /* loading19.png */,
				33407F3022312022005259E2 /* loading17.png */,
				33407F3122312022005259E2 /* loading16.png */,
				33407F3222312022005259E2 /* loading14.png */,
				33407F3322312022005259E2 /* loading15.png */,
				33407F3422312022005259E2 /* loading11.png */,
				33407F3522312022005259E2 /* loading10.png */,
				33407F3622312022005259E2 /* loading12.png */,
				33407F3722312022005259E2 /* loading13.png */,
				33407F3822312022005259E2 /* loading9.png */,
				33407F3922312022005259E2 /* loading8.png */,
			);
			path = loading_img;
			sourceTree = "<group>";
		};
		3341736521C3B3E1008B0C90 /* Core Data */ = {
			isa = PBXGroup;
			children = (
				3341736621C3B5C0008B0C90 /* StudentModel.xcdatamodeld */,
				33711B2F21C7783C00D69E0C /* CoreDataTestViewController.h */,
				33711B3021C7783C00D69E0C /* CoreDataTestViewController.m */,
			);
			path = "Core Data";
			sourceTree = "<group>";
		};
		3348CCA7223A024F0020F41C /* RegularExpression */ = {
			isa = PBXGroup;
			children = (
				3348CCA8223A027F0020F41C /* RegexViewController.h */,
				3348CCA9223A027F0020F41C /* RegexViewController.m */,
				3348CCAD223A27E70020F41C /* NSString+Check.h */,
				3348CCAE223A27E70020F41C /* NSString+Check.m */,
			);
			path = RegularExpression;
			sourceTree = "<group>";
		};
		3355296D2212AA130027C0A1 /* Expand */ = {
			isa = PBXGroup;
			children = (
				33D18F2A226EF241007AB1EE /* SDK */,
				335B3BA42242114D00DED730 /* Category */,
				3355296E2212AA130027C0A1 /* Macro */,
			);
			path = Expand;
			sourceTree = "<group>";
		};
		3355296E2212AA130027C0A1 /* Macro */ = {
			isa = PBXGroup;
			children = (
				3341736321C3A4C9008B0C90 /* UtilsMacro.h */,
				3306B37E2248C843001945C4 /* KeyMacros.h */,
				330467EA226D601900AF925B /* TargetMacro.h */,
				33D18F32226F0B96007AB1EE /* ColorMacro.h */,
			);
			path = Macro;
			sourceTree = "<group>";
		};
		335529722212AF2A0027C0A1 /* Bezier */ = {
			isa = PBXGroup;
			children = (
				335529732212AF3C0027C0A1 /* BezierViewController.h */,
				335529742212AF3C0027C0A1 /* BezierViewController.m */,
				335529762212B78B0027C0A1 /* BezierView.h */,
				335529772212B78B0027C0A1 /* BezierView.m */,
				3343CBE62214091500C41B3E /* BezierDropView.h */,
				3343CBE72214091500C41B3E /* BezierDropView.m */,
			);
			path = Bezier;
			sourceTree = "<group>";
		};
		335AC3BF221519AF00D5470A /* Animation */ = {
			isa = PBXGroup;
			children = (
				335AC3C0221519C800D5470A /* AnimationViewController.h */,
				335AC3C1221519C800D5470A /* AnimationViewController.m */,
			);
			path = Animation;
			sourceTree = "<group>";
		};
		335AC3C322156A7000D5470A /* CATransition */ = {
			isa = PBXGroup;
			children = (
				335AC3D12215709100D5470A /* 0.JPG */,
				335AC3CF2215709100D5470A /* 2.JPG */,
				335AC3D22215709100D5470A /* 1.JPG */,
				335AC3C422156A8A00D5470A /* TransitionViewController.h */,
				335AC3C522156A8A00D5470A /* TransitionViewController.m */,
				33E343D922169CE20022A5C9 /* XWPresentOneTransition.h */,
				33E343DA22169CE20022A5C9 /* XWPresentOneTransition.m */,
				33E343D622169AEB0022A5C9 /* ViewTransitionController.h */,
				33E343D722169AEB0022A5C9 /* ViewTransitionController.m */,
				33E343DC2216A4C80022A5C9 /* PresentViewController.h */,
				33E343DD2216A4C80022A5C9 /* PresentViewController.m */,
				33A7353722C4944E0020A5ED /* NaviTransitionController.h */,
				33A7353822C4944E0020A5ED /* NaviTransitionController.m */,
				337BD38722C5E4DB00EAD627 /* InteractiveTransition.h */,
				337BD38822C5E4DB00EAD627 /* InteractiveTransition.m */,
				33B6250922C9AD7300A5F2FA /* NaviTransitionController2.h */,
				33B6250A22C9AD7300A5F2FA /* NaviTransitionController2.m */,
				33B6250622C9AD5000A5F2FA /* InteractiveTransition2.h */,
				33B6250722C9AD5000A5F2FA /* InteractiveTransition2.m */,
			);
			path = CATransition;
			sourceTree = "<group>";
		};
		335B3B9E22420D0900DED730 /* PageView */ = {
			isa = PBXGroup;
			children = (
				335B3B9F22420D2200DED730 /* PageViewController.h */,
				335B3BA022420D2200DED730 /* PageViewController.m */,
			);
			path = PageView;
			sourceTree = "<group>";
		};
		335B3BA42242114D00DED730 /* Category */ = {
			isa = PBXGroup;
			children = (
				335B3BA82242115B00DED730 /* UILabel+Initializer.h */,
				335B3BAA2242115B00DED730 /* UILabel+Initializer.m */,
				335B3BA52242115A00DED730 /* UIButton+Initializer.h */,
				335B3BA72242115B00DED730 /* UIButton+Initializer.m */,
				335B3BA92242115B00DED730 /* UIImage+Chameleon.h */,
				335B3BA62242115A00DED730 /* UIImage+Chameleon.m */,
			);
			path = Category;
			sourceTree = "<group>";
		};
		336B000722B237A40061D6C4 /* MemoryLeak */ = {
			isa = PBXGroup;
			children = (
				336B000822B237D90061D6C4 /* MemoryLeakCheckController.h */,
				336B000922B237D90061D6C4 /* MemoryLeakCheckController.m */,
			);
			path = MemoryLeak;
			sourceTree = "<group>";
		};
		33874EA12282CC270063007C /* OC */ = {
			isa = PBXGroup;
			children = (
				33874EA62282CC270063007C /* CWCarousel.h */,
				33874EA22282CC270063007C /* CWCarousel.m */,
				33874EA32282CC270063007C /* CWCarouselHeader.h */,
				33874EA52282CC270063007C /* CWCarouselProtocol.h */,
				33874EA72282CC270063007C /* CWFlowLayout.h */,
				33874EA42282CC270063007C /* CWFlowLayout.m */,
			);
			path = OC;
			sourceTree = "<group>";
		};
		33A7353A22C4B6480020A5ED /* Screenshot */ = {
			isa = PBXGroup;
			children = (
				33A7354A22C4BF480020A5ED /* OTScreenshotHelper */,
				33A7353B22C4B6510020A5ED /* ScreenshotViewController.h */,
				33A7353C22C4B6510020A5ED /* ScreenshotViewController.m */,
			);
			path = Screenshot;
			sourceTree = "<group>";
		};
		33A7354A22C4BF480020A5ED /* OTScreenshotHelper */ = {
			isa = PBXGroup;
			children = (
				33A7354B22C4BF480020A5ED /* Public */,
				33A7354E22C4BF480020A5ED /* Private */,
			);
			path = OTScreenshotHelper;
			sourceTree = "<group>";
		};
		33A7354B22C4BF480020A5ED /* Public */ = {
			isa = PBXGroup;
			children = (
				33A7354C22C4BF480020A5ED /* OTScreenshotHelper.h */,
				33A7354D22C4BF480020A5ED /* OTScreenshotHelper.m */,
			);
			path = Public;
			sourceTree = "<group>";
		};
		33A7354E22C4BF480020A5ED /* Private */ = {
			isa = PBXGroup;
			children = (
				33A7354F22C4BF480020A5ED /* ComOpenThreadOTScreenshotHelperSwizzleHelper.h */,
				33A7355022C4BF480020A5ED /* UIView+ComOpenThreadOTScreenshotHelperStatusBarReference.h */,
				33A7355122C4BF480020A5ED /* UIView+ComOpenThreadOTScreenshotHelperStatusBarReference.m */,
				33A7355222C4BF480020A5ED /* ComOpenThreadOTScreenshotHelperSwizzleHelper.m */,
			);
			path = Private;
			sourceTree = "<group>";
		};
		33C12C5222826C4F002DEEB3 /* Banner */ = {
			isa = PBXGroup;
			children = (
				33874EA12282CC270063007C /* OC */,
				33C12C5322826C74002DEEB3 /* BannerViewController.h */,
				33C12C5422826C74002DEEB3 /* BannerViewController.m */,
			);
			path = Banner;
			sourceTree = "<group>";
		};
		33C7571521C0BA1A00B11706 = {
			isa = PBXGroup;
			children = (
				33C7572021C0BA1A00B11706 /* iOSerBuilding */,
				33C7573921C0BA1B00B11706 /* iOSerBuildingTests */,
				33C7574421C0BA1B00B11706 /* iOSerBuildingUITests */,
				33C7571F21C0BA1A00B11706 /* Products */,
				17EAAE4D42382EF8BAF7993E /* Pods */,
				1406175019A37AF76F67F7C2 /* Frameworks */,
			);
			sourceTree = "<group>";
		};
		33C7571F21C0BA1A00B11706 /* Products */ = {
			isa = PBXGroup;
			children = (
				33C7573621C0BA1B00B11706 /* iOSerBuildingTests.xctest */,
				33C7574121C0BA1B00B11706 /* iOSerBuildingUITests.xctest */,
				33C7E1E722375FD50004BC50 /* iOSerBuilding.app */,
			);
			name = Products;
			sourceTree = "<group>";
		};
		33C7572021C0BA1A00B11706 /* iOSerBuilding */ = {
			isa = PBXGroup;
			children = (
				33C7572121C0BA1A00B11706 /* AppDelegate.h */,
				33C7572221C0BA1A00B11706 /* AppDelegate.m */,
				33C7575521C0E01600B11706 /* Base */,
				33C7575421C0E01600B11706 /* Main */,
				3355296D2212AA130027C0A1 /* Expand */,
				33407F2222312022005259E2 /* Resource */,
				33C7575321C0E01600B11706 /* Other */,
			);
			path = iOSerBuilding;
			sourceTree = "<group>";
		};
		33C7573921C0BA1B00B11706 /* iOSerBuildingTests */ = {
			isa = PBXGroup;
			children = (
				33C7573A21C0BA1B00B11706 /* iOSerBuildingTests.m */,
				33C7573C21C0BA1B00B11706 /* Info.plist */,
			);
			path = iOSerBuildingTests;
			sourceTree = "<group>";
		};
		33C7574421C0BA1B00B11706 /* iOSerBuildingUITests */ = {
			isa = PBXGroup;
			children = (
				33C7574521C0BA1B00B11706 /* iOSerBuildingUITests.m */,
				33C7574721C0BA1B00B11706 /* Info.plist */,
			);
			path = iOSerBuildingUITests;
			sourceTree = "<group>";
		};
		33C7575321C0E01600B11706 /* Other */ = {
			isa = PBXGroup;
			children = (
				33C7572A21C0BA1B00B11706 /* Assets.xcassets */,
				3341736421C3A569008B0C90 /* PrefixHeader.pch */,
				33C7572F21C0BA1B00B11706 /* Info.plist */,
				33C7573021C0BA1B00B11706 /* main.m */,
			);
			path = Other;
			sourceTree = "<group>";
		};
		33C7575421C0E01600B11706 /* Main */ = {
			isa = PBXGroup;
			children = (
				3306B37822488803001945C4 /* Home */,
				33C12C5222826C4F002DEEB3 /* Banner */,
				333F592D21D75EC90081132C /* MySQL */,
				3341736521C3B3E1008B0C90 /* Core Data */,
				335529722212AF2A0027C0A1 /* Bezier */,
				335AC3BF221519AF00D5470A /* Animation */,
				335AC3C322156A7000D5470A /* CATransition */,
				33A7353A22C4B6480020A5ED /* Screenshot */,
				333F592C21D75EAF0081132C /* ScrollWithMasonry */,
				3348CCA7223A024F0020F41C /* RegularExpression */,
				335B3B9E22420D0900DED730 /* PageView */,
				3306B37722488803001945C4 /* APPConfig */,
				336B000722B237A40061D6C4 /* MemoryLeak */,
				333D133522B33D5F008D1EBB /* GCD */,
				01D87DD82317A2D900E62E78 /* LaunchAnimation */,
				01BE95582332214C00B6D7FE /* LevelUpAnimation */,
				93058E7F241630F100B9D2F5 /* RelativeLabel */,
			);
			path = Main;
			sourceTree = "<group>";
		};
		33C7575521C0E01600B11706 /* Base */ = {
			isa = PBXGroup;
			children = (
				33C7575621C0E0A000B11706 /* BaseTabBarManager.h */,
				33C7575721C0E0A000B11706 /* BaseTabBarManager.m */,
			);
			path = Base;
			sourceTree = "<group>";
		};
		33D18F2A226EF241007AB1EE /* SDK */ = {
			isa = PBXGroup;
			children = (
				33D18F2B226EF24A007AB1EE /* FMDevice */,
			);
			path = SDK;
			sourceTree = "<group>";
		};
		33D18F2B226EF24A007AB1EE /* FMDevice */ = {
			isa = PBXGroup;
			children = (
				33D18F2C226EF24A007AB1EE /* libFMDeviceManager.a */,
				33D18F2D226EF24A007AB1EE /* FMDeviceManager.h */,
			);
			path = FMDevice;
			sourceTree = "<group>";
		};
		93058E7F241630F100B9D2F5 /* RelativeLabel */ = {
			isa = PBXGroup;
			children = (
				93058E802416312400B9D2F5 /* RelativeLabelViewController.h */,
				93058E812416312400B9D2F5 /* RelativeLabelViewController.m */,
			);
			path = RelativeLabel;
			sourceTree = "<group>";
		};
/* End PBXGroup section */

/* Begin PBXNativeTarget section */
		33C7573521C0BA1B00B11706 /* iOSerBuildingTests */ = {
			isa = PBXNativeTarget;
			buildConfigurationList = 33C7574D21C0BA1B00B11706 /* Build configuration list for PBXNativeTarget "iOSerBuildingTests" */;
			buildPhases = (
				33C7573221C0BA1B00B11706 /* Sources */,
				33C7573321C0BA1B00B11706 /* Frameworks */,
				33C7573421C0BA1B00B11706 /* Resources */,
			);
			buildRules = (
			);
			dependencies = (
			);
			name = iOSerBuildingTests;
			productName = iOSerBuildingTests;
			productReference = 33C7573621C0BA1B00B11706 /* iOSerBuildingTests.xctest */;
			productType = "com.apple.product-type.bundle.unit-test";
		};
		33C7574021C0BA1B00B11706 /* iOSerBuildingUITests */ = {
			isa = PBXNativeTarget;
			buildConfigurationList = 33C7575021C0BA1B00B11706 /* Build configuration list for PBXNativeTarget "iOSerBuildingUITests" */;
			buildPhases = (
				33C7573D21C0BA1B00B11706 /* Sources */,
				33C7573E21C0BA1B00B11706 /* Frameworks */,
				33C7573F21C0BA1B00B11706 /* Resources */,
			);
			buildRules = (
			);
			dependencies = (
			);
			name = iOSerBuildingUITests;
			productName = iOSerBuildingUITests;
			productReference = 33C7574121C0BA1B00B11706 /* iOSerBuildingUITests.xctest */;
			productType = "com.apple.product-type.bundle.ui-testing";
		};
		33C7E1B122375FD50004BC50 /* iOSerBuilding */ = {
			isa = PBXNativeTarget;
			buildConfigurationList = 33C7E1E422375FD50004BC50 /* Build configuration list for PBXNativeTarget "iOSerBuilding" */;
			buildPhases = (
				33C7E1B222375FD50004BC50 /* [CP] Check Pods Manifest.lock */,
				33C7E1B322375FD50004BC50 /* Sources */,
				33C7E1C422375FD50004BC50 /* Frameworks */,
				33C7E1C622375FD50004BC50 /* Resources */,
				33C7E1E322375FD50004BC50 /* [CP] Copy Pods Resources */,
			);
			buildRules = (
			);
			dependencies = (
			);
			name = iOSerBuilding;
			productName = iOSerBuilding;
			productReference = 33C7E1E722375FD50004BC50 /* iOSerBuilding.app */;
			productType = "com.apple.product-type.application";
		};
/* End PBXNativeTarget section */

/* Begin PBXProject section */
		33C7571621C0BA1A00B11706 /* Project object */ = {
			isa = PBXProject;
			attributes = {
				LastUpgradeCheck = 1010;
				TargetAttributes = {
					33C7573521C0BA1B00B11706 = {
						CreatedOnToolsVersion = 10.1;
						TestTargetID = 33C7571D21C0BA1A00B11706;
					};
					33C7574021C0BA1B00B11706 = {
						CreatedOnToolsVersion = 10.1;
						TestTargetID = 33C7571D21C0BA1A00B11706;
					};
				};
			};
			buildConfigurationList = 33C7571921C0BA1A00B11706 /* Build configuration list for PBXProject "iOSerBuilding" */;
			compatibilityVersion = "Xcode 9.3";
			developmentRegion = en;
			hasScannedForEncodings = 0;
			knownRegions = (
				en,
				Base,
			);
			mainGroup = 33C7571521C0BA1A00B11706;
			productRefGroup = 33C7571F21C0BA1A00B11706 /* Products */;
			projectDirPath = "";
			projectRoot = "";
			targets = (
				33C7E1B122375FD50004BC50 /* iOSerBuilding */,
				33C7573521C0BA1B00B11706 /* iOSerBuildingTests */,
				33C7574021C0BA1B00B11706 /* iOSerBuildingUITests */,
			);
		};
/* End PBXProject section */

/* Begin PBXResourcesBuildPhase section */
		33C7573421C0BA1B00B11706 /* Resources */ = {
			isa = PBXResourcesBuildPhase;
			buildActionMask = 2147483647;
			files = (
			);
			runOnlyForDeploymentPostprocessing = 0;
		};
		33C7573F21C0BA1B00B11706 /* Resources */ = {
			isa = PBXResourcesBuildPhase;
			buildActionMask = 2147483647;
			files = (
			);
			runOnlyForDeploymentPostprocessing = 0;
		};
		33C7E1C622375FD50004BC50 /* Resources */ = {
			isa = PBXResourcesBuildPhase;
			buildActionMask = 2147483647;
			files = (
				33C7E1C722375FD50004BC50 /* loading17.png in Resources */,
				33C7E1C822375FD50004BC50 /* loading8.png in Resources */,
				33C7E1C922375FD50004BC50 /* loading16.png in Resources */,
				33C7E1CA22375FD50004BC50 /* loading20.png in Resources */,
				33C7E1CB22375FD50004BC50 /* 0.JPG in Resources */,
				33C7E1CC22375FD50004BC50 /* loading4.png in Resources */,
				33C7E1CD22375FD50004BC50 /* loading1.png in Resources */,
				33C7E1CE22375FD50004BC50 /* loading11.png in Resources */,
				33C7E1CF22375FD50004BC50 /* loading7.png in Resources */,
				33C7E1D022375FD50004BC50 /* loading9.png in Resources */,
				33C7E1D222375FD50004BC50 /* Assets.xcassets in Resources */,
				33C7E1D322375FD50004BC50 /* loading18.png in Resources */,
				33C7E1D422375FD50004BC50 /* loading19.png in Resources */,
				33C7E1D522375FD50004BC50 /* 1.JPG in Resources */,
				33C7E1D722375FD50004BC50 /* 2.JPG in Resources */,
				017159652318B6A300596160 /* ticktock.mov in Resources */,
				33C7E1D822375FD50004BC50 /* loading5.png in Resources */,
				33C7E1D922375FD50004BC50 /* loading22.png in Resources */,
				33C7E1DA22375FD50004BC50 /* loading21.png in Resources */,
				33C7E1DB22375FD50004BC50 /* loading13.png in Resources */,
				33C7E1DC22375FD50004BC50 /* loading14.png in Resources */,
				33C7E1DD22375FD50004BC50 /* loading15.png in Resources */,
				33C7E1DE22375FD50004BC50 /* loading3.png in Resources */,
				33C7E1DF22375FD50004BC50 /* loading6.png in Resources */,
				33C7E1E022375FD50004BC50 /* loading2.png in Resources */,
				33C7E1E122375FD50004BC50 /* loading10.png in Resources */,
				33C7E1E222375FD50004BC50 /* loading12.png in Resources */,
			);
			runOnlyForDeploymentPostprocessing = 0;
		};
/* End PBXResourcesBuildPhase section */

/* Begin PBXShellScriptBuildPhase section */
		33C7E1B222375FD50004BC50 /* [CP] Check Pods Manifest.lock */ = {
			isa = PBXShellScriptBuildPhase;
			buildActionMask = 2147483647;
			files = (
			);
			inputFileListPaths = (
			);
			inputPaths = (
				"${PODS_PODFILE_DIR_PATH}/Podfile.lock",
				"${PODS_ROOT}/Manifest.lock",
			);
			name = "[CP] Check Pods Manifest.lock";
			outputFileListPaths = (
			);
			outputPaths = (
				"$(DERIVED_FILE_DIR)/Pods-iOSerBuilding-checkManifestLockResult.txt",
			);
			runOnlyForDeploymentPostprocessing = 0;
			shellPath = /bin/sh;
			shellScript = "diff \"${PODS_PODFILE_DIR_PATH}/Podfile.lock\" \"${PODS_ROOT}/Manifest.lock\" > /dev/null\nif [ $? != 0 ] ; then\n    # print error to STDERR\n    echo \"error: The sandbox is not in sync with the Podfile.lock. Run 'pod install' or update your CocoaPods installation.\" >&2\n    exit 1\nfi\n# This output is used by Xcode 'outputs' to avoid re-running this script phase.\necho \"SUCCESS\" > \"${SCRIPT_OUTPUT_FILE_0}\"\n";
			showEnvVarsInLog = 0;
		};
		33C7E1E322375FD50004BC50 /* [CP] Copy Pods Resources */ = {
			isa = PBXShellScriptBuildPhase;
			buildActionMask = 2147483647;
			files = (
			);
			inputFileListPaths = (
				"${PODS_ROOT}/Target Support Files/Pods-iOSerBuilding/Pods-iOSerBuilding-resources-${CONFIGURATION}-input-files.xcfilelist",
			);
			name = "[CP] Copy Pods Resources";
			outputFileListPaths = (
				"${PODS_ROOT}/Target Support Files/Pods-iOSerBuilding/Pods-iOSerBuilding-resources-${CONFIGURATION}-output-files.xcfilelist",
			);
			runOnlyForDeploymentPostprocessing = 0;
			shellPath = /bin/sh;
			shellScript = "\"${PODS_ROOT}/Target Support Files/Pods-iOSerBuilding/Pods-iOSerBuilding-resources.sh\"\n";
			showEnvVarsInLog = 0;
		};
/* End PBXShellScriptBuildPhase section */

/* Begin PBXSourcesBuildPhase section */
		33C7573221C0BA1B00B11706 /* Sources */ = {
			isa = PBXSourcesBuildPhase;
			buildActionMask = 2147483647;
			files = (
				33C7573B21C0BA1B00B11706 /* iOSerBuildingTests.m in Sources */,
			);
			runOnlyForDeploymentPostprocessing = 0;
		};
		33C7573D21C0BA1B00B11706 /* Sources */ = {
			isa = PBXSourcesBuildPhase;
			buildActionMask = 2147483647;
			files = (
				33C7574621C0BA1B00B11706 /* iOSerBuildingUITests.m in Sources */,
			);
			runOnlyForDeploymentPostprocessing = 0;
		};
		33C7E1B322375FD50004BC50 /* Sources */ = {
			isa = PBXSourcesBuildPhase;
			buildActionMask = 2147483647;
			files = (
				33C7E1B422375FD50004BC50 /* ScrollMasonryController.m in Sources */,
				3306B37D2248887D001945C4 /* APPConfigController.m in Sources */,
				3348CCAC223A027F0020F41C /* RegexViewController.m in Sources */,
				335B3BAD2242115B00DED730 /* UIImage+Chameleon.m in Sources */,
				33A7353922C4944E0020A5ED /* NaviTransitionController.m in Sources */,
				33C7E1B522375FD50004BC50 /* ViewTransitionController.m in Sources */,
				33C7E1B622375FD50004BC50 /* StudentModel.xcdatamodeld in Sources */,
				33C7E1B722375FD50004BC50 /* PresentViewController.m in Sources */,
				01D87DE12317A43200E62E78 /* Life_LaunchModel.m in Sources */,
				33A7355522C4BF480020A5ED /* ComOpenThreadOTScreenshotHelperSwizzleHelper.m in Sources */,
				33874EA82282CC270063007C /* CWCarousel.m in Sources */,
				33C7E1B822375FD50004BC50 /* CoreDataTestViewController.m in Sources */,
				33874EA92282CC270063007C /* CWFlowLayout.m in Sources */,
				33A7355422C4BF480020A5ED /* UIView+ComOpenThreadOTScreenshotHelperStatusBarReference.m in Sources */,
				33A7355322C4BF480020A5ED /* OTScreenshotHelper.m in Sources */,
				335B3BB32242115B00DED730 /* UILabel+Initializer.m in Sources */,
				33A7353D22C4B6510020A5ED /* ScreenshotViewController.m in Sources */,
				01BE955B2332217300B6D7FE /* LevelUpAnimationView.m in Sources */,
				333D133822B33D72008D1EBB /* GCDViewController.m in Sources */,
				3348CCB1223A27E70020F41C /* NSString+Check.m in Sources */,
				33C7E1B922375FD50004BC50 /* main.m in Sources */,
				33C7E1BA22375FD50004BC50 /* AnimationViewController.m in Sources */,
				33C7E1BB22375FD50004BC50 /* XWPresentOneTransition.m in Sources */,
				33C7E1BC22375FD50004BC50 /* AppDelegate.m in Sources */,
				01D87DDB2317A30600E62E78 /* LaunchAnimationController.m in Sources */,
				01BE955E2332221800B6D7FE /* LevelUpController.m in Sources */,
				336B000A22B237D90061D6C4 /* MemoryLeakCheckController.m in Sources */,
				33C12C5522826C74002DEEB3 /* BannerViewController.m in Sources */,
				33C7E1BD22375FD50004BC50 /* BezierViewController.m in Sources */,
				93058E822416312400B9D2F5 /* RelativeLabelViewController.m in Sources */,
				01D87DDE2317A35900E62E78 /* Life_LaunchAnimationView.m in Sources */,
				33B6250B22C9AD7300A5F2FA /* NaviTransitionController2.m in Sources */,
				335B3BB02242115B00DED730 /* UIButton+Initializer.m in Sources */,
				33C7E1BE22375FD50004BC50 /* MySQLTestViewController.m in Sources */,
				33C7E1BF22375FD50004BC50 /* TransitionViewController.m in Sources */,
				33C7E1C022375FD50004BC50 /* BezierView.m in Sources */,
				337BD38922C5E4DB00EAD627 /* InteractiveTransition.m in Sources */,
				33C7E1C122375FD50004BC50 /* BaseTabBarManager.m in Sources */,
				33C7E1C222375FD50004BC50 /* BezierDropView.m in Sources */,
				33B6250822C9AD5000A5F2FA /* InteractiveTransition2.m in Sources */,
				33C7E1C322375FD50004BC50 /* HomeViewController.m in Sources */,
				335B3BA322420D2200DED730 /* PageViewController.m in Sources */,
			);
			runOnlyForDeploymentPostprocessing = 0;
		};
/* End PBXSourcesBuildPhase section */

/* Begin XCBuildConfiguration section */
		33C7574821C0BA1B00B11706 /* Debug */ = {
			isa = XCBuildConfiguration;
			buildSettings = {
				ALWAYS_SEARCH_USER_PATHS = NO;
				CLANG_ANALYZER_NONNULL = YES;
				CLANG_ANALYZER_NUMBER_OBJECT_CONVERSION = YES_AGGRESSIVE;
				CLANG_CXX_LANGUAGE_STANDARD = "gnu++14";
				CLANG_CXX_LIBRARY = "libc++";
				CLANG_ENABLE_MODULES = YES;
				CLANG_ENABLE_OBJC_ARC = YES;
				CLANG_ENABLE_OBJC_WEAK = YES;
				CLANG_WARN_BLOCK_CAPTURE_AUTORELEASING = YES;
				CLANG_WARN_BOOL_CONVERSION = YES;
				CLANG_WARN_COMMA = YES;
				CLANG_WARN_CONSTANT_CONVERSION = YES;
				CLANG_WARN_DEPRECATED_OBJC_IMPLEMENTATIONS = YES;
				CLANG_WARN_DIRECT_OBJC_ISA_USAGE = YES_ERROR;
				CLANG_WARN_DOCUMENTATION_COMMENTS = YES;
				CLANG_WARN_EMPTY_BODY = YES;
				CLANG_WARN_ENUM_CONVERSION = YES;
				CLANG_WARN_INFINITE_RECURSION = YES;
				CLANG_WARN_INT_CONVERSION = YES;
				CLANG_WARN_NON_LITERAL_NULL_CONVERSION = YES;
				CLANG_WARN_OBJC_IMPLICIT_RETAIN_SELF = YES;
				CLANG_WARN_OBJC_LITERAL_CONVERSION = YES;
				CLANG_WARN_OBJC_ROOT_CLASS = YES_ERROR;
				CLANG_WARN_RANGE_LOOP_ANALYSIS = YES;
				CLANG_WARN_STRICT_PROTOTYPES = YES;
				CLANG_WARN_SUSPICIOUS_MOVE = YES;
				CLANG_WARN_UNGUARDED_AVAILABILITY = YES_AGGRESSIVE;
				CLANG_WARN_UNREACHABLE_CODE = YES;
				CLANG_WARN__DUPLICATE_METHOD_MATCH = YES;
				CODE_SIGN_IDENTITY = "iPhone Developer";
				COPY_PHASE_STRIP = NO;
				DEBUG_INFORMATION_FORMAT = dwarf;
				ENABLE_STRICT_OBJC_MSGSEND = YES;
				ENABLE_TESTABILITY = YES;
				GCC_C_LANGUAGE_STANDARD = gnu11;
				GCC_DYNAMIC_NO_PIC = NO;
				GCC_NO_COMMON_BLOCKS = YES;
				GCC_OPTIMIZATION_LEVEL = 0;
				GCC_PREPROCESSOR_DEFINITIONS = (
					"DEBUG=1",
					"$(inherited)",
				);
				GCC_WARN_64_TO_32_BIT_CONVERSION = YES;
				GCC_WARN_ABOUT_RETURN_TYPE = YES_ERROR;
				GCC_WARN_UNDECLARED_SELECTOR = YES;
				GCC_WARN_UNINITIALIZED_AUTOS = YES_AGGRESSIVE;
				GCC_WARN_UNUSED_FUNCTION = YES;
				GCC_WARN_UNUSED_VARIABLE = YES;
				IPHONEOS_DEPLOYMENT_TARGET = 12.1;
				MTL_ENABLE_DEBUG_INFO = INCLUDE_SOURCE;
				MTL_FAST_MATH = YES;
				ONLY_ACTIVE_ARCH = YES;
				SDKROOT = iphoneos;
			};
			name = Debug;
		};
		33C7574921C0BA1B00B11706 /* Release */ = {
			isa = XCBuildConfiguration;
			buildSettings = {
				ALWAYS_SEARCH_USER_PATHS = NO;
				CLANG_ANALYZER_NONNULL = YES;
				CLANG_ANALYZER_NUMBER_OBJECT_CONVERSION = YES_AGGRESSIVE;
				CLANG_CXX_LANGUAGE_STANDARD = "gnu++14";
				CLANG_CXX_LIBRARY = "libc++";
				CLANG_ENABLE_MODULES = YES;
				CLANG_ENABLE_OBJC_ARC = YES;
				CLANG_ENABLE_OBJC_WEAK = YES;
				CLANG_WARN_BLOCK_CAPTURE_AUTORELEASING = YES;
				CLANG_WARN_BOOL_CONVERSION = YES;
				CLANG_WARN_COMMA = YES;
				CLANG_WARN_CONSTANT_CONVERSION = YES;
				CLANG_WARN_DEPRECATED_OBJC_IMPLEMENTATIONS = YES;
				CLANG_WARN_DIRECT_OBJC_ISA_USAGE = YES_ERROR;
				CLANG_WARN_DOCUMENTATION_COMMENTS = YES;
				CLANG_WARN_EMPTY_BODY = YES;
				CLANG_WARN_ENUM_CONVERSION = YES;
				CLANG_WARN_INFINITE_RECURSION = YES;
				CLANG_WARN_INT_CONVERSION = YES;
				CLANG_WARN_NON_LITERAL_NULL_CONVERSION = YES;
				CLANG_WARN_OBJC_IMPLICIT_RETAIN_SELF = YES;
				CLANG_WARN_OBJC_LITERAL_CONVERSION = YES;
				CLANG_WARN_OBJC_ROOT_CLASS = YES_ERROR;
				CLANG_WARN_RANGE_LOOP_ANALYSIS = YES;
				CLANG_WARN_STRICT_PROTOTYPES = YES;
				CLANG_WARN_SUSPICIOUS_MOVE = YES;
				CLANG_WARN_UNGUARDED_AVAILABILITY = YES_AGGRESSIVE;
				CLANG_WARN_UNREACHABLE_CODE = YES;
				CLANG_WARN__DUPLICATE_METHOD_MATCH = YES;
				CODE_SIGN_IDENTITY = "iPhone Developer";
				COPY_PHASE_STRIP = NO;
				DEBUG_INFORMATION_FORMAT = "dwarf-with-dsym";
				ENABLE_NS_ASSERTIONS = NO;
				ENABLE_STRICT_OBJC_MSGSEND = YES;
				GCC_C_LANGUAGE_STANDARD = gnu11;
				GCC_NO_COMMON_BLOCKS = YES;
				GCC_WARN_64_TO_32_BIT_CONVERSION = YES;
				GCC_WARN_ABOUT_RETURN_TYPE = YES_ERROR;
				GCC_WARN_UNDECLARED_SELECTOR = YES;
				GCC_WARN_UNINITIALIZED_AUTOS = YES_AGGRESSIVE;
				GCC_WARN_UNUSED_FUNCTION = YES;
				GCC_WARN_UNUSED_VARIABLE = YES;
				IPHONEOS_DEPLOYMENT_TARGET = 12.1;
				MTL_ENABLE_DEBUG_INFO = NO;
				MTL_FAST_MATH = YES;
				SDKROOT = iphoneos;
				VALIDATE_PRODUCT = YES;
			};
			name = Release;
		};
		33C7574E21C0BA1B00B11706 /* Debug */ = {
			isa = XCBuildConfiguration;
			buildSettings = {
				BUNDLE_LOADER = "$(TEST_HOST)";
				CODE_SIGN_STYLE = Automatic;
				INFOPLIST_FILE = iOSerBuildingTests/Info.plist;
				LD_RUNPATH_SEARCH_PATHS = (
					"$(inherited)",
					"@executable_path/Frameworks",
					"@loader_path/Frameworks",
				);
				PRODUCT_BUNDLE_IDENTIFIER = OragnizationID.iOSerBuildingTests;
				PRODUCT_NAME = "$(TARGET_NAME)";
				TARGETED_DEVICE_FAMILY = "1,2";
				TEST_HOST = "$(BUILT_PRODUCTS_DIR)/iOSerBuilding.app/iOSerBuilding";
			};
			name = Debug;
		};
		33C7574F21C0BA1B00B11706 /* Release */ = {
			isa = XCBuildConfiguration;
			buildSettings = {
				BUNDLE_LOADER = "$(TEST_HOST)";
				CODE_SIGN_STYLE = Automatic;
				INFOPLIST_FILE = iOSerBuildingTests/Info.plist;
				LD_RUNPATH_SEARCH_PATHS = (
					"$(inherited)",
					"@executable_path/Frameworks",
					"@loader_path/Frameworks",
				);
				PRODUCT_BUNDLE_IDENTIFIER = OragnizationID.iOSerBuildingTests;
				PRODUCT_NAME = "$(TARGET_NAME)";
				TARGETED_DEVICE_FAMILY = "1,2";
				TEST_HOST = "$(BUILT_PRODUCTS_DIR)/iOSerBuilding.app/iOSerBuilding";
			};
			name = Release;
		};
		33C7575121C0BA1B00B11706 /* Debug */ = {
			isa = XCBuildConfiguration;
			buildSettings = {
				CODE_SIGN_STYLE = Automatic;
				INFOPLIST_FILE = iOSerBuildingUITests/Info.plist;
				LD_RUNPATH_SEARCH_PATHS = (
					"$(inherited)",
					"@executable_path/Frameworks",
					"@loader_path/Frameworks",
				);
				PRODUCT_BUNDLE_IDENTIFIER = OragnizationID.iOSerBuildingUITests;
				PRODUCT_NAME = "$(TARGET_NAME)";
				TARGETED_DEVICE_FAMILY = "1,2";
				TEST_TARGET_NAME = iOSerBuilding;
			};
			name = Debug;
		};
		33C7575221C0BA1B00B11706 /* Release */ = {
			isa = XCBuildConfiguration;
			buildSettings = {
				CODE_SIGN_STYLE = Automatic;
				INFOPLIST_FILE = iOSerBuildingUITests/Info.plist;
				LD_RUNPATH_SEARCH_PATHS = (
					"$(inherited)",
					"@executable_path/Frameworks",
					"@loader_path/Frameworks",
				);
				PRODUCT_BUNDLE_IDENTIFIER = OragnizationID.iOSerBuildingUITests;
				PRODUCT_NAME = "$(TARGET_NAME)";
				TARGETED_DEVICE_FAMILY = "1,2";
				TEST_TARGET_NAME = iOSerBuilding;
			};
			name = Release;
		};
		33C7E1E522375FD50004BC50 /* Debug */ = {
			isa = XCBuildConfiguration;
			baseConfigurationReference = 66BF80B4859833650A1175BD /* Pods-iOSerBuilding.debug.xcconfig */;
			buildSettings = {
				ASSETCATALOG_COMPILER_APPICON_NAME = AppIcon;
				CODE_SIGN_IDENTITY = "iPhone Developer";
				CODE_SIGN_STYLE = Automatic;
				DEVELOPMENT_TEAM = MH5HJ2B6RM;
				GCC_PRECOMPILE_PREFIX_HEADER = YES;
				GCC_PREFIX_HEADER = iOSerBuilding/Other/PrefixHeader.pch;
				GCC_PREPROCESSOR_DEFINITIONS = "$(inherited)";
				INFOPLIST_FILE = iOSerBuilding/Other/Info.plist;
				IPHONEOS_DEPLOYMENT_TARGET = 10.3;
				LD_RUNPATH_SEARCH_PATHS = (
					"$(inherited)",
					"@executable_path/Frameworks",
				);
				LIBRARY_SEARCH_PATHS = (
					"$(inherited)",
					"$(PROJECT_DIR)/iOSerBuilding/Expand/SDK/FMDevice",
				);
				PRODUCT_BUNDLE_IDENTIFIER = OragnizationID.iOSerBuilding;
				PRODUCT_NAME = "$(TARGET_NAME)";
				PROVISIONING_PROFILE_SPECIFIER = "";
				TARGETED_DEVICE_FAMILY = 1;
			};
			name = Debug;
		};
		33C7E1E622375FD50004BC50 /* Release */ = {
			isa = XCBuildConfiguration;
			baseConfigurationReference = B178817138B031B8C485B1FA /* Pods-iOSerBuilding.release.xcconfig */;
			buildSettings = {
				ASSETCATALOG_COMPILER_APPICON_NAME = AppIcon;
				CODE_SIGN_IDENTITY = "iPhone Developer";
				CODE_SIGN_STYLE = Automatic;
				DEVELOPMENT_TEAM = MH5HJ2B6RM;
				GCC_PRECOMPILE_PREFIX_HEADER = YES;
				GCC_PREFIX_HEADER = iOSerBuilding/Other/PrefixHeader.pch;
				GCC_PREPROCESSOR_DEFINITIONS = "$(inherited)";
				INFOPLIST_FILE = iOSerBuilding/Other/Info.plist;
				IPHONEOS_DEPLOYMENT_TARGET = 10.3;
				LD_RUNPATH_SEARCH_PATHS = (
					"$(inherited)",
					"@executable_path/Frameworks",
				);
				LIBRARY_SEARCH_PATHS = (
					"$(inherited)",
					"$(PROJECT_DIR)/iOSerBuilding/Expand/SDK/FMDevice",
				);
				PRODUCT_BUNDLE_IDENTIFIER = OragnizationID.iOSerBuilding;
				PRODUCT_NAME = "$(TARGET_NAME)";
				PROVISIONING_PROFILE_SPECIFIER = "";
				TARGETED_DEVICE_FAMILY = 1;
			};
			name = Release;
		};
/* End XCBuildConfiguration section */

/* Begin XCConfigurationList section */
		33C7571921C0BA1A00B11706 /* Build configuration list for PBXProject "iOSerBuilding" */ = {
			isa = XCConfigurationList;
			buildConfigurations = (
				33C7574821C0BA1B00B11706 /* Debug */,
				33C7574921C0BA1B00B11706 /* Release */,
			);
			defaultConfigurationIsVisible = 0;
			defaultConfigurationName = Release;
		};
		33C7574D21C0BA1B00B11706 /* Build configuration list for PBXNativeTarget "iOSerBuildingTests" */ = {
			isa = XCConfigurationList;
			buildConfigurations = (
				33C7574E21C0BA1B00B11706 /* Debug */,
				33C7574F21C0BA1B00B11706 /* Release */,
			);
			defaultConfigurationIsVisible = 0;
			defaultConfigurationName = Release;
		};
		33C7575021C0BA1B00B11706 /* Build configuration list for PBXNativeTarget "iOSerBuildingUITests" */ = {
			isa = XCConfigurationList;
			buildConfigurations = (
				33C7575121C0BA1B00B11706 /* Debug */,
				33C7575221C0BA1B00B11706 /* Release */,
			);
			defaultConfigurationIsVisible = 0;
			defaultConfigurationName = Release;
		};
		33C7E1E422375FD50004BC50 /* Build configuration list for PBXNativeTarget "iOSerBuilding" */ = {
			isa = XCConfigurationList;
			buildConfigurations = (
				33C7E1E522375FD50004BC50 /* Debug */,
				33C7E1E622375FD50004BC50 /* Release */,
			);
			defaultConfigurationIsVisible = 0;
			defaultConfigurationName = Release;
		};
/* End XCConfigurationList section */

/* Begin XCVersionGroup section */
		3341736621C3B5C0008B0C90 /* StudentModel.xcdatamodeld */ = {
			isa = XCVersionGroup;
			children = (
				3341736721C3B5C0008B0C90 /* StudentModel.xcdatamodel */,
			);
			currentVersion = 3341736721C3B5C0008B0C90 /* StudentModel.xcdatamodel */;
			path = StudentModel.xcdatamodeld;
			sourceTree = "<group>";
			versionGroupType = wrapper.xcdatamodel;
		};
/* End XCVersionGroup section */
	};
	rootObject = 33C7571621C0BA1A00B11706 /* Project object */;
}
